// !$*UTF8*$!
{
	archiveVersion = 1;
	classes = {
	};
	objectVersion = 50;
	objects = {

/* Begin PBXBuildFile section */
		E8675B5F23DDE6590011E20C /* AppDelegate.swift in Sources */ = {isa = PBXBuildFile; fileRef = E8675B5E23DDE6590011E20C /* AppDelegate.swift */; };
		E8675B6123DDE6590011E20C /* SceneDelegate.swift in Sources */ = {isa = PBXBuildFile; fileRef = E8675B6023DDE6590011E20C /* SceneDelegate.swift */; };
		E8675B6323DDE6590011E20C /* ContentView.swift in Sources */ = {isa = PBXBuildFile; fileRef = E8675B6223DDE6590011E20C /* ContentView.swift */; };
		E8675B6523DDE65C0011E20C /* Assets.xcassets in Resources */ = {isa = PBXBuildFile; fileRef = E8675B6423DDE65C0011E20C /* Assets.xcassets */; };
		E8675B6823DDE65C0011E20C /* Preview Assets.xcassets in Resources */ = {isa = PBXBuildFile; fileRef = E8675B6723DDE65C0011E20C /* Preview Assets.xcassets */; };
		E8675B6B23DDE65C0011E20C /* LaunchScreen.storyboard in Resources */ = {isa = PBXBuildFile; fileRef = E8675B6923DDE65C0011E20C /* LaunchScreen.storyboard */; };
		E889591923DF17AB009B5E1D /* RemoteLogger.framework in Frameworks */ = {isa = PBXBuildFile; fileRef = E889591723DF17A6009B5E1D /* RemoteLogger.framework */; };
		E889591A23DF17AB009B5E1D /* RemoteLogger.framework in Embed Frameworks */ = {isa = PBXBuildFile; fileRef = E889591723DF17A6009B5E1D /* RemoteLogger.framework */; settings = {ATTRIBUTES = (CodeSignOnCopy, RemoveHeadersOnCopy, ); }; };
/* End PBXBuildFile section */

/* Begin PBXCopyFilesBuildPhase section */
		E8675B7623DEB1FF0011E20C /* Embed Frameworks */ = {
			isa = PBXCopyFilesBuildPhase;
			buildActionMask = 2147483647;
			dstPath = "";
			dstSubfolderSpec = 10;
			files = (
				E889591A23DF17AB009B5E1D /* RemoteLogger.framework in Embed Frameworks */,
			);
			name = "Embed Frameworks";
			runOnlyForDeploymentPostprocessing = 0;
		};
/* End PBXCopyFilesBuildPhase section */

/* Begin PBXFileReference section */
		E8675B5B23DDE6590011E20C /* Remote Logger Test.app */ = {isa = PBXFileReference; explicitFileType = wrapper.application; includeInIndex = 0; path = "Remote Logger Test.app"; sourceTree = BUILT_PRODUCTS_DIR; };
		E8675B5E23DDE6590011E20C /* AppDelegate.swift */ = {isa = PBXFileReference; lastKnownFileType = sourcecode.swift; path = AppDelegate.swift; sourceTree = "<group>"; };
		E8675B6023DDE6590011E20C /* SceneDelegate.swift */ = {isa = PBXFileReference; lastKnownFileType = sourcecode.swift; path = SceneDelegate.swift; sourceTree = "<group>"; };
		E8675B6223DDE6590011E20C /* ContentView.swift */ = {isa = PBXFileReference; lastKnownFileType = sourcecode.swift; path = ContentView.swift; sourceTree = "<group>"; };
		E8675B6423DDE65C0011E20C /* Assets.xcassets */ = {isa = PBXFileReference; lastKnownFileType = folder.assetcatalog; path = Assets.xcassets; sourceTree = "<group>"; };
		E8675B6723DDE65C0011E20C /* Preview Assets.xcassets */ = {isa = PBXFileReference; lastKnownFileType = folder.assetcatalog; path = "Preview Assets.xcassets"; sourceTree = "<group>"; };
		E8675B6A23DDE65C0011E20C /* Base */ = {isa = PBXFileReference; lastKnownFileType = file.storyboard; name = Base; path = Base.lproj/LaunchScreen.storyboard; sourceTree = "<group>"; };
		E8675B6C23DDE65C0011E20C /* Info.plist */ = {isa = PBXFileReference; lastKnownFileType = text.plist.xml; path = Info.plist; sourceTree = "<group>"; };
		E889591723DF17A6009B5E1D /* RemoteLogger.framework */ = {isa = PBXFileReference; lastKnownFileType = wrapper.framework; name = RemoteLogger.framework; path = "../../remotelogger/build/fat-framework/RemoteLogger.framework"; sourceTree = "<group>"; };
/* End PBXFileReference section */

/* Begin PBXFrameworksBuildPhase section */
		E8675B5823DDE6590011E20C /* Frameworks */ = {
			isa = PBXFrameworksBuildPhase;
			buildActionMask = 2147483647;
			files = (
				E889591923DF17AB009B5E1D /* RemoteLogger.framework in Frameworks */,
			);
			runOnlyForDeploymentPostprocessing = 0;
		};
/* End PBXFrameworksBuildPhase section */

/* Begin PBXGroup section */
		E8675B5223DDE6590011E20C = {
			isa = PBXGroup;
			children = (
				E889591723DF17A6009B5E1D /* RemoteLogger.framework */,
				E8675B5D23DDE6590011E20C /* Remote Logger Test */,
				E8675B5C23DDE6590011E20C /* Products */,
			);
			sourceTree = "<group>";
		};
		E8675B5C23DDE6590011E20C /* Products */ = {
			isa = PBXGroup;
			children = (
				E8675B5B23DDE6590011E20C /* Remote Logger Test.app */,
			);
			name = Products;
			sourceTree = "<group>";
		};
		E8675B5D23DDE6590011E20C /* Remote Logger Test */ = {
			isa = PBXGroup;
			children = (
				E8675B5E23DDE6590011E20C /* AppDelegate.swift */,
				E8675B6023DDE6590011E20C /* SceneDelegate.swift */,
				E8675B6223DDE6590011E20C /* ContentView.swift */,
				E8675B6423DDE65C0011E20C /* Assets.xcassets */,
				E8675B6923DDE65C0011E20C /* LaunchScreen.storyboard */,
				E8675B6C23DDE65C0011E20C /* Info.plist */,
				E8675B6623DDE65C0011E20C /* Preview Content */,
			);
			path = "Remote Logger Test";
			sourceTree = "<group>";
		};
		E8675B6623DDE65C0011E20C /* Preview Content */ = {
			isa = PBXGroup;
			children = (
				E8675B6723DDE65C0011E20C /* Preview Assets.xcassets */,
			);
			path = "Preview Content";
			sourceTree = "<group>";
		};
/* End PBXGroup section */

/* Begin PBXNativeTarget section */
		E8675B5A23DDE6590011E20C /* Remote Logger Test */ = {
			isa = PBXNativeTarget;
			buildConfigurationList = E8675B6F23DDE65C0011E20C /* Build configuration list for PBXNativeTarget "Remote Logger Test" */;
			buildPhases = (
				E8675B5723DDE6590011E20C /* Sources */,
				E8675B5823DDE6590011E20C /* Frameworks */,
				E8675B5923DDE6590011E20C /* Resources */,
				E8675B7623DEB1FF0011E20C /* Embed Frameworks */,
			);
			buildRules = (
			);
			dependencies = (
			);
			name = "Remote Logger Test";
			productName = "Remote Logger Test";
			productReference = E8675B5B23DDE6590011E20C /* Remote Logger Test.app */;
			productType = "com.apple.product-type.application";
		};
/* End PBXNativeTarget section */

/* Begin PBXProject section */
		E8675B5323DDE6590011E20C /* Project object */ = {
			isa = PBXProject;
			attributes = {
				LastSwiftUpdateCheck = 1110;
				LastUpgradeCheck = 1110;
				ORGANIZATIONNAME = "Baruch Nurilov";
				TargetAttributes = {
					E8675B5A23DDE6590011E20C = {
						CreatedOnToolsVersion = 11.1;
					};
				};
			};
			buildConfigurationList = E8675B5623DDE6590011E20C /* Build configuration list for PBXProject "Remote Logger Test" */;
			compatibilityVersion = "Xcode 9.3";
			developmentRegion = en;
			hasScannedForEncodings = 0;
			knownRegions = (
				en,
				Base,
			);
			mainGroup = E8675B5223DDE6590011E20C;
			productRefGroup = E8675B5C23DDE6590011E20C /* Products */;
			projectDirPath = "";
			projectRoot = "";
			targets = (
				E8675B5A23DDE6590011E20C /* Remote Logger Test */,
			);
		};
/* End PBXProject section */

/* Begin PBXResourcesBuildPhase section */
		E8675B5923DDE6590011E20C /* Resources */ = {
			isa = PBXResourcesBuildPhase;
			buildActionMask = 2147483647;
			files = (
				E8675B6B23DDE65C0011E20C /* LaunchScreen.storyboard in Resources */,
				E8675B6823DDE65C0011E20C /* Preview Assets.xcassets in Resources */,
				E8675B6523DDE65C0011E20C /* Assets.xcassets in Resources */,
			);
			runOnlyForDeploymentPostprocessing = 0;
		};
/* End PBXResourcesBuildPhase section */

/* Begin PBXSourcesBuildPhase section */
		E8675B5723DDE6590011E20C /* Sources */ = {
			isa = PBXSourcesBuildPhase;
			buildActionMask = 2147483647;
			files = (
				E8675B5F23DDE6590011E20C /* AppDelegate.swift in Sources */,
				E8675B6123DDE6590011E20C /* SceneDelegate.swift in Sources */,
				E8675B6323DDE6590011E20C /* ContentView.swift in Sources */,
			);
			runOnlyForDeploymentPostprocessing = 0;
		};
/* End PBXSourcesBuildPhase section */

/* Begin PBXVariantGroup section */
		E8675B6923DDE65C0011E20C /* LaunchScreen.storyboard */ = {
			isa = PBXVariantGroup;
			children = (
				E8675B6A23DDE65C0011E20C /* Base */,
			);
			name = LaunchScreen.storyboard;
			sourceTree = "<group>";
		};
/* End PBXVariantGroup section */

/* Begin XCBuildConfiguration section */
		E8675B6D23DDE65C0011E20C /* Debug */ = {
			isa = XCBuildConfiguration;
			buildSettings = {
				ALWAYS_SEARCH_USER_PATHS = NO;
				CLANG_ANALYZER_NONNULL = YES;
				CLANG_ANALYZER_NUMBER_OBJECT_CONVERSION = YES_AGGRESSIVE;
				CLANG_CXX_LANGUAGE_STANDARD = "gnu++14";
				CLANG_CXX_LIBRARY = "libc++";
				CLANG_ENABLE_MODULES = YES;
				CLANG_ENABLE_OBJC_ARC = YES;
				CLANG_ENABLE_OBJC_WEAK = YES;
				CLANG_WARN_BLOCK_CAPTURE_AUTORELEASING = YES;
				CLANG_WARN_BOOL_CONVERSION = YES;
				CLANG_WARN_COMMA = YES;
				CLANG_WARN_CONSTANT_CONVERSION = YES;
				CLANG_WARN_DEPRECATED_OBJC_IMPLEMENTATIONS = YES;
				CLANG_WARN_DIRECT_OBJC_ISA_USAGE = YES_ERROR;
				CLANG_WARN_DOCUMENTATION_COMMENTS = YES;
				CLANG_WARN_EMPTY_BODY = YES;
				CLANG_WARN_ENUM_CONVERSION = YES;
				CLANG_WARN_INFINITE_RECURSION = YES;
				CLANG_WARN_INT_CONVERSION = YES;
				CLANG_WARN_NON_LITERAL_NULL_CONVERSION = YES;
				CLANG_WARN_OBJC_IMPLICIT_RETAIN_SELF = YES;
				CLANG_WARN_OBJC_LITERAL_CONVERSION = YES;
				CLANG_WARN_OBJC_ROOT_CLASS = YES_ERROR;
				CLANG_WARN_RANGE_LOOP_ANALYSIS = YES;
				CLANG_WARN_STRICT_PROTOTYPES = YES;
				CLANG_WARN_SUSPICIOUS_MOVE = YES;
				CLANG_WARN_UNGUARDED_AVAILABILITY = YES_AGGRESSIVE;
				CLANG_WARN_UNREACHABLE_CODE = YES;
				CLANG_WARN__DUPLICATE_METHOD_MATCH = YES;
				COPY_PHASE_STRIP = NO;
				DEBUG_INFORMATION_FORMAT = dwarf;
				ENABLE_STRICT_OBJC_MSGSEND = YES;
				ENABLE_TESTABILITY = YES;
				GCC_C_LANGUAGE_STANDARD = gnu11;
				GCC_DYNAMIC_NO_PIC = NO;
				GCC_NO_COMMON_BLOCKS = YES;
				GCC_OPTIMIZATION_LEVEL = 0;
				GCC_PREPROCESSOR_DEFINITIONS = (
					"DEBUG=1",
					"$(inherited)",
				);
				GCC_WARN_64_TO_32_BIT_CONVERSION = YES;
				GCC_WARN_ABOUT_RETURN_TYPE = YES_ERROR;
				GCC_WARN_UNDECLARED_SELECTOR = YES;
				GCC_WARN_UNINITIALIZED_AUTOS = YES_AGGRESSIVE;
				GCC_WARN_UNUSED_FUNCTION = YES;
				GCC_WARN_UNUSED_VARIABLE = YES;
				IPHONEOS_DEPLOYMENT_TARGET = 13.1;
				MTL_ENABLE_DEBUG_INFO = INCLUDE_SOURCE;
				MTL_FAST_MATH = YES;
				ONLY_ACTIVE_ARCH = YES;
				SDKROOT = iphoneos;
				SWIFT_ACTIVE_COMPILATION_CONDITIONS = DEBUG;
				SWIFT_OPTIMIZATION_LEVEL = "-Onone";
			};
			name = Debug;
		};
		E8675B6E23DDE65C0011E20C /* Release */ = {
			isa = XCBuildConfiguration;
			buildSettings = {
				ALWAYS_SEARCH_USER_PATHS = NO;
				CLANG_ANALYZER_NONNULL = YES;
				CLANG_ANALYZER_NUMBER_OBJECT_CONVERSION = YES_AGGRESSIVE;
				CLANG_CXX_LANGUAGE_STANDARD = "gnu++14";
				CLANG_CXX_LIBRARY = "libc++";
				CLANG_ENABLE_MODULES = YES;
				CLANG_ENABLE_OBJC_ARC = YES;
				CLANG_ENABLE_OBJC_WEAK = YES;
				CLANG_WARN_BLOCK_CAPTURE_AUTORELEASING = YES;
				CLANG_WARN_BOOL_CONVERSION = YES;
				CLANG_WARN_COMMA = YES;
				CLANG_WARN_CONSTANT_CONVERSION = YES;
				CLANG_WARN_DEPRECATED_OBJC_IMPLEMENTATIONS = YES;
				CLANG_WARN_DIRECT_OBJC_ISA_USAGE = YES_ERROR;
				CLANG_WARN_DOCUMENTATION_COMMENTS = YES;
				CLANG_WARN_EMPTY_BODY = YES;
				CLANG_WARN_ENUM_CONVERSION = YES;
				CLANG_WARN_INFINITE_RECURSION = YES;
				CLANG_WARN_INT_CONVERSION = YES;
				CLANG_WARN_NON_LITERAL_NULL_CONVERSION = YES;
				CLANG_WARN_OBJC_IMPLICIT_RETAIN_SELF = YES;
				CLANG_WARN_OBJC_LITERAL_CONVERSION = YES;
				CLANG_WARN_OBJC_ROOT_CLASS = YES_ERROR;
				CLANG_WARN_RANGE_LOOP_ANALYSIS = YES;
				CLANG_WARN_STRICT_PROTOTYPES = YES;
				CLANG_WARN_SUSPICIOUS_MOVE = YES;
				CLANG_WARN_UNGUARDED_AVAILABILITY = YES_AGGRESSIVE;
				CLANG_WARN_UNREACHABLE_CODE = YES;
				CLANG_WARN__DUPLICATE_METHOD_MATCH = YES;
				COPY_PHASE_STRIP = NO;
				DEBUG_INFORMATION_FORMAT = "dwarf-with-dsym";
				ENABLE_NS_ASSERTIONS = NO;
				ENABLE_STRICT_OBJC_MSGSEND = YES;
				GCC_C_LANGUAGE_STANDARD = gnu11;
				GCC_NO_COMMON_BLOCKS = YES;
				GCC_WARN_64_TO_32_BIT_CONVERSION = YES;
				GCC_WARN_ABOUT_RETURN_TYPE = YES_ERROR;
				GCC_WARN_UNDECLARED_SELECTOR = YES;
				GCC_WARN_UNINITIALIZED_AUTOS = YES_AGGRESSIVE;
				GCC_WARN_UNUSED_FUNCTION = YES;
				GCC_WARN_UNUSED_VARIABLE = YES;
				IPHONEOS_DEPLOYMENT_TARGET = 13.1;
				MTL_ENABLE_DEBUG_INFO = NO;
				MTL_FAST_MATH = YES;
				SDKROOT = iphoneos;
				SWIFT_COMPILATION_MODE = wholemodule;
				SWIFT_OPTIMIZATION_LEVEL = "-O";
				VALIDATE_PRODUCT = YES;
			};
			name = Release;
		};
		E8675B7023DDE65C0011E20C /* Debug */ = {
			isa = XCBuildConfiguration;
			buildSettings = {
				ASSETCATALOG_COMPILER_APPICON_NAME = AppIcon;
				CODE_SIGN_STYLE = Automatic;
				DEVELOPMENT_ASSET_PATHS = "\"Remote Logger Test/Preview Content\"";
				DEVELOPMENT_TEAM = 8K8P8YQGEG;
				ENABLE_PREVIEWS = YES;
				FRAMEWORK_SEARCH_PATHS = (
					"$(inherited)",
					"$(PROJECT_DIR)",
				);
				INFOPLIST_FILE = "Remote Logger Test/Info.plist";
				LD_RUNPATH_SEARCH_PATHS = (
					"$(inherited)",
					"@executable_path/Frameworks",
				);
				PRODUCT_BUNDLE_IDENTIFIER = "il.co.napps.Remote-Logger-Test";
				PRODUCT_NAME = "$(TARGET_NAME)";
				SWIFT_VERSION = 5.0;
				TARGETED_DEVICE_FAMILY = "1,2";
			};
			name = Debug;
		};
		E8675B7123DDE65C0011E20C /* Release */ = {
			isa = XCBuildConfiguration;
			buildSettings = {
				ASSETCATALOG_COMPILER_APPICON_NAME = AppIcon;
				CODE_SIGN_STYLE = Automatic;
				DEVELOPMENT_ASSET_PATHS = "\"Remote Logger Test/Preview Content\"";
				DEVELOPMENT_TEAM = 8K8P8YQGEG;
				ENABLE_PREVIEWS = YES;
				FRAMEWORK_SEARCH_PATHS = (
					"$(inherited)",
					"$(PROJECT_DIR)",
				);
				INFOPLIST_FILE = "Remote Logger Test/Info.plist";
				LD_RUNPATH_SEARCH_PATHS = (
					"$(inherited)",
					"@executable_path/Frameworks",
				);
				PRODUCT_BUNDLE_IDENTIFIER = "il.co.napps.Remote-Logger-Test";
				PRODUCT_NAME = "$(TARGET_NAME)";
				SWIFT_VERSION = 5.0;
				TARGETED_DEVICE_FAMILY = "1,2";
			};
			name = Release;
		};
/* End XCBuildConfiguration section */

/* Begin XCConfigurationList section */
		E8675B5623DDE6590011E20C /* Build configuration list for PBXProject "Remote Logger Test" */ = {
			isa = XCConfigurationList;
			buildConfigurations = (
				E8675B6D23DDE65C0011E20C /* Debug */,
				E8675B6E23DDE65C0011E20C /* Release */,
			);
			defaultConfigurationIsVisible = 0;
			defaultConfigurationName = Release;
		};
		E8675B6F23DDE65C0011E20C /* Build configuration list for PBXNativeTarget "Remote Logger Test" */ = {
			isa = XCConfigurationList;
			buildConfigurations = (
				E8675B7023DDE65C0011E20C /* Debug */,
				E8675B7123DDE65C0011E20C /* Release */,
			);
			defaultConfigurationIsVisible = 0;
			defaultConfigurationName = Release;
		};
/* End XCConfigurationList section */
	};
	rootObject = E8675B5323DDE6590011E20C /* Project object */;
}
